
Microsoft Visual Studio Solution File, Format Version 12.00
# Visual Studio 15
VisualStudioVersion = 15.0.27130.2010
MinimumVisualStudioVersion = 10.0.40219.1
Project("{FAE04EC0-301F-11D3-BF4B-00C04F79EFBC}") = "FIT_IoT.RPI.Console", "FIT_IoT.RPI.Console\FIT_IoT.RPI.Console.csproj", "{756A95C5-780F-4462-B2AA-92826E07521A}"
EndProject
Project("{FAE04EC0-301F-11D3-BF4B-00C04F79EFBC}") = "FIT_IoT.RPI.Web", "FIT_IoT.RPI.Web\FIT_IoT.RPI.Web.csproj", "{50F6D8B9-5DB8-4B81-A685-012191A366D3}"
EndProject
Project("{FAE04EC0-301F-11D3-BF4B-00C04F79EFBC}") = "FIT_IoT.RPI.Shared", "FIT_IoT.RPI.Shared\FIT_IoT.RPI.Shared.csproj", "{A98A2C43-CDE0-47D3-8A64-8F034EF376A0}"
EndProject
Project("{FAE04EC0-301F-11D3-BF4B-00C04F79EFBC}") = "FIT_IoT.Server.Web", "FIT_IoT.Server.Web\FIT_IoT.Server.Web.csproj", "{2141BE3B-E974-4A4C-A8AF-1C8AD1010E5C}"
EndProject
Project("{FAE04EC0-301F-11D3-BF4B-00C04F79EFBC}") = "FIT_IoT.SharedAll", "FIT_IoT.SharedAll\FIT_IoT.SharedAll.csproj", "{B22017CB-079E-454D-88CF-4A6BC5180049}"
EndProject
Project("{FAE04EC0-301F-11D3-BF4B-00C04F79EFBC}") = "FIT_IoT.Server.Shared", "FIT_IoT.Server.Shared\FIT_IoT.Server.Shared.csproj", "{B79F87DE-9340-437A-8353-C845C099FF16}"
EndProject
Project("{FAE04EC0-301F-11D3-BF4B-00C04F79EFBC}") = "FIT_IoT.Server.Console", "FIT_IoT.Server.Console\FIT_IoT.Server.Console.csproj", "{8012D977-5971-4AE8-8665-0B9AFBBDB4F2}"
EndProject
Global
	GlobalSection(SolutionConfigurationPlatforms) = preSolution
		Debug|Any CPU = Debug|Any CPU
		Release|Any CPU = Release|Any CPU
	EndGlobalSection
	GlobalSection(ProjectConfigurationPlatforms) = postSolution
		{756A95C5-780F-4462-B2AA-92826E07521A}.Debug|Any CPU.ActiveCfg = Debug|Any CPU
		{756A95C5-780F-4462-B2AA-92826E07521A}.Debug|Any CPU.Build.0 = Debug|Any CPU
		{756A95C5-780F-4462-B2AA-92826E07521A}.Release|Any CPU.ActiveCfg = Release|Any CPU
		{756A95C5-780F-4462-B2AA-92826E07521A}.Release|Any CPU.Build.0 = Release|Any CPU
		{50F6D8B9-5DB8-4B81-A685-012191A366D3}.Debug|Any CPU.ActiveCfg = Debug|Any CPU
		{50F6D8B9-5DB8-4B81-A685-012191A366D3}.Debug|Any CPU.Build.0 = Debug|Any CPU
		{50F6D8B9-5DB8-4B81-A685-012191A366D3}.Release|Any CPU.ActiveCfg = Release|Any CPU
		{50F6D8B9-5DB8-4B81-A685-012191A366D3}.Release|Any CPU.Build.0 = Release|Any CPU
		{A98A2C43-CDE0-47D3-8A64-8F034EF376A0}.Debug|Any CPU.ActiveCfg = Debug|Any CPU
		{A98A2C43-CDE0-47D3-8A64-8F034EF376A0}.Debug|Any CPU.Build.0 = Debug|Any CPU
		{A98A2C43-CDE0-47D3-8A64-8F034EF376A0}.Release|Any CPU.ActiveCfg = Release|Any CPU
		{A98A2C43-CDE0-47D3-8A64-8F034EF376A0}.Release|Any CPU.Build.0 = Release|Any CPU
		{2141BE3B-E974-4A4C-A8AF-1C8AD1010E5C}.Debug|Any CPU.ActiveCfg = Debug|Any CPU
		{2141BE3B-E974-4A4C-A8AF-1C8AD1010E5C}.Debug|Any CPU.Build.0 = Debug|Any CPU
		{2141BE3B-E974-4A4C-A8AF-1C8AD1010E5C}.Release|Any CPU.ActiveCfg = Release|Any CPU
		{2141BE3B-E974-4A4C-A8AF-1C8AD1010E5C}.Release|Any CPU.Build.0 = Release|Any CPU
		{B22017CB-079E-454D-88CF-4A6BC5180049}.Debug|Any CPU.ActiveCfg = Debug|Any CPU
		{B22017CB-079E-454D-88CF-4A6BC5180049}.Debug|Any CPU.Build.0 = Debug|Any CPU
		{B22017CB-079E-454D-88CF-4A6BC5180049}.Release|Any CPU.ActiveCfg = Release|Any CPU
		{B22017CB-079E-454D-88CF-4A6BC5180049}.Release|Any CPU.Build.0 = Release|Any CPU
		{B79F87DE-9340-437A-8353-C845C099FF16}.Debug|Any CPU.ActiveCfg = Debug|Any CPU
		{B79F87DE-9340-437A-8353-C845C099FF16}.Debug|Any CPU.Build.0 = Debug|Any CPU
		{B79F87DE-9340-437A-8353-C845C099FF16}.Release|Any CPU.ActiveCfg = Release|Any CPU
		{B79F87DE-9340-437A-8353-C845C099FF16}.Release|Any CPU.Build.0 = Release|Any CPU
		{8012D977-5971-4AE8-8665-0B9AFBBDB4F2}.Debug|Any CPU.ActiveCfg = Debug|Any CPU
		{8012D977-5971-4AE8-8665-0B9AFBBDB4F2}.Debug|Any CPU.Build.0 = Debug|Any CPU
		{8012D977-5971-4AE8-8665-0B9AFBBDB4F2}.Release|Any CPU.ActiveCfg = Release|Any CPU
		{8012D977-5971-4AE8-8665-0B9AFBBDB4F2}.Release|Any CPU.Build.0 = Release|Any CPU
	EndGlobalSection
	GlobalSection(SolutionProperties) = preSolution
		HideSolutionNode = FALSE
	EndGlobalSection
	GlobalSection(ExtensibilityGlobals) = postSolution
		SolutionGuid = {0A14F5C1-A199-4E3E-96F8-575C9234D75A}
	EndGlobalSection
EndGlobal
